
Microsoft Visual Studio Solution File, Format Version 12.00
# Visual Studio Version 17
VisualStudioVersion = 17.13.35825.156
MinimumVisualStudioVersion = 10.0.40219.1
Project("{2150E333-8FDC-42A3-9474-1A3956D46DE8}") = "Services", "Services", "{02EA681E-C7D8-13C7-8484-4AC65E1B71E8}"
EndProject
Project("{FAE04EC0-301F-11D3-BF4B-00C04F79EFBC}") = "Catalog.Api", "Services\Catalog.Api\Catalog.Api.csproj", "{4186D9E6-4960-4694-8DCB-B25437CF297C}"
EndProject
Project("{E53339B2-1760-4266-BCC7-CA923CBCF16C}") = "docker-compose", "docker-compose.dcproj", "{81DDED9D-158B-E303-5F62-77A2896D2A5A}"
EndProject
Project("{FAE04EC0-301F-11D3-BF4B-00C04F79EFBC}") = "Basket.Api", "Services\Basket.Api\Basket.Api.csproj", "{E81ADCD1-2E94-425B-827F-37C5BB360D80}"
EndProject
Project("{FAE04EC0-301F-11D3-BF4B-00C04F79EFBC}") = "Discount.Api", "Services\Discount.Api\Discount.Api.csproj", "{AC5194BC-8663-4137-B59A-7FE6C5FB9179}"
EndProject
Project("{FAE04EC0-301F-11D3-BF4B-00C04F79EFBC}") = "Discount.Grpc", "Services\Discount.Grpc\Discount.Grpc.csproj", "{0CC94030-BAEA-4AA0-8208-CB895919107E}"
EndProject
Global
	GlobalSection(SolutionConfigurationPlatforms) = preSolution
		Debug|Any CPU = Debug|Any CPU
		Release|Any CPU = Release|Any CPU
	EndGlobalSection
	GlobalSection(ProjectConfigurationPlatforms) = postSolution
		{4186D9E6-4960-4694-8DCB-B25437CF297C}.Debug|Any CPU.ActiveCfg = Debug|Any CPU
		{4186D9E6-4960-4694-8DCB-B25437CF297C}.Debug|Any CPU.Build.0 = Debug|Any CPU
		{4186D9E6-4960-4694-8DCB-B25437CF297C}.Release|Any CPU.ActiveCfg = Release|Any CPU
		{4186D9E6-4960-4694-8DCB-B25437CF297C}.Release|Any CPU.Build.0 = Release|Any CPU
		{81DDED9D-158B-E303-5F62-77A2896D2A5A}.Debug|Any CPU.ActiveCfg = Debug|Any CPU
		{81DDED9D-158B-E303-5F62-77A2896D2A5A}.Debug|Any CPU.Build.0 = Debug|Any CPU
		{81DDED9D-158B-E303-5F62-77A2896D2A5A}.Release|Any CPU.ActiveCfg = Release|Any CPU
		{81DDED9D-158B-E303-5F62-77A2896D2A5A}.Release|Any CPU.Build.0 = Release|Any CPU
		{E81ADCD1-2E94-425B-827F-37C5BB360D80}.Debug|Any CPU.ActiveCfg = Debug|Any CPU
		{E81ADCD1-2E94-425B-827F-37C5BB360D80}.Debug|Any CPU.Build.0 = Debug|Any CPU
		{E81ADCD1-2E94-425B-827F-37C5BB360D80}.Release|Any CPU.ActiveCfg = Release|Any CPU
		{E81ADCD1-2E94-425B-827F-37C5BB360D80}.Release|Any CPU.Build.0 = Release|Any CPU
		{AC5194BC-8663-4137-B59A-7FE6C5FB9179}.Debug|Any CPU.ActiveCfg = Debug|Any CPU
		{AC5194BC-8663-4137-B59A-7FE6C5FB9179}.Debug|Any CPU.Build.0 = Debug|Any CPU
		{AC5194BC-8663-4137-B59A-7FE6C5FB9179}.Release|Any CPU.ActiveCfg = Release|Any CPU
		{AC5194BC-8663-4137-B59A-7FE6C5FB9179}.Release|Any CPU.Build.0 = Release|Any CPU
		{0CC94030-BAEA-4AA0-8208-CB895919107E}.Debug|Any CPU.ActiveCfg = Debug|Any CPU
		{0CC94030-BAEA-4AA0-8208-CB895919107E}.Debug|Any CPU.Build.0 = Debug|Any CPU
		{0CC94030-BAEA-4AA0-8208-CB895919107E}.Release|Any CPU.ActiveCfg = Release|Any CPU
		{0CC94030-BAEA-4AA0-8208-CB895919107E}.Release|Any CPU.Build.0 = Release|Any CPU
	EndGlobalSection
	GlobalSection(SolutionProperties) = preSolution
		HideSolutionNode = FALSE
	EndGlobalSection
	GlobalSection(NestedProjects) = preSolution
		{4186D9E6-4960-4694-8DCB-B25437CF297C} = {02EA681E-C7D8-13C7-8484-4AC65E1B71E8}
		{E81ADCD1-2E94-425B-827F-37C5BB360D80} = {02EA681E-C7D8-13C7-8484-4AC65E1B71E8}
		{AC5194BC-8663-4137-B59A-7FE6C5FB9179} = {02EA681E-C7D8-13C7-8484-4AC65E1B71E8}
		{0CC94030-BAEA-4AA0-8208-CB895919107E} = {02EA681E-C7D8-13C7-8484-4AC65E1B71E8}
	EndGlobalSection
	GlobalSection(ExtensibilityGlobals) = postSolution
		SolutionGuid = {BF851847-FE29-45E9-B55A-B0137BE3225D}
	EndGlobalSection
EndGlobal
